
Microsoft Visual Studio Solution File, Format Version 12.00
# Visual Studio Version 17
VisualStudioVersion = 17.8.34322.80
MinimumVisualStudioVersion = 10.0.40219.1
Project("{FAE04EC0-301F-11D3-BF4B-00C04F79EFBC}") = "multiTenantManagement", "multiTenantManagement\multiTenantManagement.csproj", "{78412CB4-086B-4EA8-A34B-3E069AD52D2A}"
EndProject
Global
	GlobalSection(SolutionConfigurationPlatforms) = preSolution
		Debug|Any CPU = Debug|Any CPU
		Release|Any CPU = Release|Any CPU
	EndGlobalSection
	GlobalSection(ProjectConfigurationPlatforms) = postSolution
		{78412CB4-086B-4EA8-A34B-3E069AD52D2A}.Debug|Any CPU.ActiveCfg = Debug|Any CPU
		{78412CB4-086B-4EA8-A34B-3E069AD52D2A}.Debug|Any CPU.Build.0 = Debug|Any CPU
		{78412CB4-086B-4EA8-A34B-3E069AD52D2A}.Release|Any CPU.ActiveCfg = Release|Any CPU
		{78412CB4-086B-4EA8-A34B-3E069AD52D2A}.Release|Any CPU.Build.0 = Release|Any CPU
	EndGlobalSection
	GlobalSection(SolutionProperties) = preSolution
		HideSolutionNode = FALSE
	EndGlobalSection
	GlobalSection(ExtensibilityGlobals) = postSolution
		SolutionGuid = {BD865964-1510-43D7-AEC3-D4D60E645CEC}
	EndGlobalSection
EndGlobal
